
Microsoft Visual Studio Solution File, Format Version 12.00
# Visual Studio Version 17
VisualStudioVersion = 17.2.32630.192
MinimumVisualStudioVersion = 10.0.40219.1
Project("{00D1A9C2-B5F0-4AF3-8072-F6C62B433612}") = "Vintage Club Database Redo", "Vintage Club Database Redo\Vintage Club Database Redo.sqlproj", "{20B5EC00-AADE-4955-9200-B29042B0E9C7}"
EndProject
Project("{FAE04EC0-301F-11D3-BF4B-00C04F79EFBC}") = "User Interface for Vintage Club Database", "User Interface for Vintage Club Database\User Interface for Vintage Club Database.csproj", "{8F8BE483-913C-4612-A963-758F487CCE0C}"
EndProject
Global
	GlobalSection(SolutionConfigurationPlatforms) = preSolution
		Debug|Any CPU = Debug|Any CPU
		Release|Any CPU = Release|Any CPU
	EndGlobalSection
	GlobalSection(ProjectConfigurationPlatforms) = postSolution
		{20B5EC00-AADE-4955-9200-B29042B0E9C7}.Debug|Any CPU.ActiveCfg = Debug|Any CPU
		{20B5EC00-AADE-4955-9200-B29042B0E9C7}.Debug|Any CPU.Build.0 = Debug|Any CPU
		{20B5EC00-AADE-4955-9200-B29042B0E9C7}.Debug|Any CPU.Deploy.0 = Debug|Any CPU
		{20B5EC00-AADE-4955-9200-B29042B0E9C7}.Release|Any CPU.ActiveCfg = Release|Any CPU
		{20B5EC00-AADE-4955-9200-B29042B0E9C7}.Release|Any CPU.Build.0 = Release|Any CPU
		{20B5EC00-AADE-4955-9200-B29042B0E9C7}.Release|Any CPU.Deploy.0 = Release|Any CPU
		{8F8BE483-913C-4612-A963-758F487CCE0C}.Debug|Any CPU.ActiveCfg = Debug|Any CPU
		{8F8BE483-913C-4612-A963-758F487CCE0C}.Debug|Any CPU.Build.0 = Debug|Any CPU
		{8F8BE483-913C-4612-A963-758F487CCE0C}.Release|Any CPU.ActiveCfg = Release|Any CPU
		{8F8BE483-913C-4612-A963-758F487CCE0C}.Release|Any CPU.Build.0 = Release|Any CPU
	EndGlobalSection
	GlobalSection(SolutionProperties) = preSolution
		HideSolutionNode = FALSE
	EndGlobalSection
	GlobalSection(ExtensibilityGlobals) = postSolution
		SolutionGuid = {011DE5E4-3007-430E-9F62-6509296BDC94}
	EndGlobalSection
EndGlobal
